{
  "name": "amenov.req.wherebuilderjs",
  "version": "1.0.5",
  "lockfileVersion": 1,
  "requires": true,
  "dependencies": {
    "amenov.wherebuilderjs": {
      "version": "1.0.4",
      "resolved": "https://registry.npmjs.org/amenov.wherebuilderjs/-/amenov.wherebuilderjs-1.0.4.tgz",
      "integrity": "sha512-QNfT87rIw+6W3YupTglLC1uHQsGbm1Y4yBbhvyFHBAq2qNLRTbH5BJsyIWFpWpl0gQ/CzgeBfExuu4NHJAV8ew=="
    }
  }
}
