{
  "name": "amenov.req.wherebuilderjs",
  "version": "1.0.1",
  "lockfileVersion": 2,
  "requires": true,
  "packages": {
    "": {
      "name": "amenov.req.wherebuilderjs",
      "version": "1.0.1",
      "license": "MIT",
      "dependencies": {
        "amenov.wherebuilderjs": "^1.0.2"
      }
    },
    "node_modules/amenov.wherebuilderjs": {
      "version": "1.0.2",
      "resolved": "https://registry.npmjs.org/amenov.wherebuilderjs/-/amenov.wherebuilderjs-1.0.2.tgz",
      "integrity": "sha512-s1DsTIq/Et2t10QLbyPGFUsiQUaFWYTwwOOfZZyxpwp+Pt83dGUlstgI6UL2nBSBpayH+SmOmZN5UKFIjMzXIw==",
      "license": "MIT"
    }
  },
  "dependencies": {
    "amenov.wherebuilderjs": {
      "version": "1.0.2",
      "resolved": "https://registry.npmjs.org/amenov.wherebuilderjs/-/amenov.wherebuilderjs-1.0.2.tgz",
      "integrity": "sha512-s1DsTIq/Et2t10QLbyPGFUsiQUaFWYTwwOOfZZyxpwp+Pt83dGUlstgI6UL2nBSBpayH+SmOmZN5UKFIjMzXIw=="
    }
  }
}
