{
  "name": "amenov.req.wherebuilderjs",
  "version": "1.0.4",
  "lockfileVersion": 1,
  "requires": true,
  "dependencies": {
    "amenov.wherebuilderjs": {
      "version": "1.0.3",
      "resolved": "https://registry.npmjs.org/amenov.wherebuilderjs/-/amenov.wherebuilderjs-1.0.3.tgz",
      "integrity": "sha512-H8TEewEHwFsvkb6QjCDLux8xF30Taj6e72wwJkW7TnnLDBG696Z5SkKuWH3qp77yj+s/HCgaXz2LhLWHJdvMgQ=="
    }
  }
}
